
Microsoft Visual Studio Solution File, Format Version 12.00
# Visual Studio Version 16
VisualStudioVersion = 16.0.29920.165
MinimumVisualStudioVersion = 10.0.40219.1
Project("{FAE04EC0-301F-11D3-BF4B-00C04F79EFBC}") = "PhotoWiew", "PhotoWiew\PhotoWiew.csproj", "{31D641F7-BA43-4566-9DCE-05CE0583E521}"
EndProject
Global
	GlobalSection(SolutionConfigurationPlatforms) = preSolution
		Debug|Any CPU = Debug|Any CPU
		Debug|x86 = Debug|x86
		Release|Any CPU = Release|Any CPU
		Release|x86 = Release|x86
	EndGlobalSection
	GlobalSection(ProjectConfigurationPlatforms) = postSolution
		{31D641F7-BA43-4566-9DCE-05CE0583E521}.Debug|Any CPU.ActiveCfg = Debug|Any CPU
		{31D641F7-BA43-4566-9DCE-05CE0583E521}.Debug|Any CPU.Build.0 = Debug|Any CPU
		{31D641F7-BA43-4566-9DCE-05CE0583E521}.Debug|x86.ActiveCfg = Debug|x86
		{31D641F7-BA43-4566-9DCE-05CE0583E521}.Debug|x86.Build.0 = Debug|x86
		{31D641F7-BA43-4566-9DCE-05CE0583E521}.Release|Any CPU.ActiveCfg = Release|Any CPU
		{31D641F7-BA43-4566-9DCE-05CE0583E521}.Release|Any CPU.Build.0 = Release|Any CPU
		{31D641F7-BA43-4566-9DCE-05CE0583E521}.Release|x86.ActiveCfg = Release|x86
		{31D641F7-BA43-4566-9DCE-05CE0583E521}.Release|x86.Build.0 = Release|x86
	EndGlobalSection
	GlobalSection(SolutionProperties) = preSolution
		HideSolutionNode = FALSE
	EndGlobalSection
	GlobalSection(ExtensibilityGlobals) = postSolution
		SolutionGuid = {5A7D0934-D719-4408-B5C1-6D940105FD31}
	EndGlobalSection
EndGlobal
